{
  "object": {
    "pins": [
      {
        "package": "ResourceHelper",
        "repositoryURL": "https://github.com/eonist/ResourceHelper.git",
        "state": {
          "branch": "master",
          "revision": "7da909958efa715860194d2a7820706bc5eebf23",
          "version": null
        }
      }
    ]
  },
  "version": 1
}
