{
  "object": {
    "pins": [
      {
        "package": "ResourceHelper",
        "repositoryURL": "https://github.com/eonist/ResourceHelper.git",
        "state": {
          "branch": "master",
          "revision": "4359edc3fe4f9fa2a78c95261ff1327f3e433780",
          "version": null
        }
      }
    ]
  },
  "version": 1
}
